
Microsoft Visual Studio Solution File, Format Version 12.00
# Visual Studio 2013
VisualStudioVersion = 12.0.21005.1
MinimumVisualStudioVersion = 10.0.40219.1
Project("{FAE04EC0-301F-11D3-BF4B-00C04F79EFBC}") = "ConsoleApplication", "ConsoleApplication\ConsoleApplication.csproj", "{FD7258B3-93C4-4CD2-9A9F-C6CBE65EC933}"
EndProject
Project("{FAE04EC0-301F-11D3-BF4B-00C04F79EFBC}") = "UnitTestProject1", "UnitTestProject1\UnitTestProject1.csproj", "{AB626BB9-706E-4ABC-B173-D7BC15AADF22}"
EndProject
Project("{FAE04EC0-301F-11D3-BF4B-00C04F79EFBC}") = "ClassLibrary1", "ClassLibrary1\ClassLibrary1.csproj", "{67A955F8-00D4-4ABF-B761-8CF8648EAF8F}"
EndProject
Global
	GlobalSection(SolutionConfigurationPlatforms) = preSolution
		Debug|Any CPU = Debug|Any CPU
		Release|Any CPU = Release|Any CPU
	EndGlobalSection
	GlobalSection(ProjectConfigurationPlatforms) = postSolution
		{FD7258B3-93C4-4CD2-9A9F-C6CBE65EC933}.Debug|Any CPU.ActiveCfg = Debug|Any CPU
		{FD7258B3-93C4-4CD2-9A9F-C6CBE65EC933}.Debug|Any CPU.Build.0 = Debug|Any CPU
		{FD7258B3-93C4-4CD2-9A9F-C6CBE65EC933}.Release|Any CPU.ActiveCfg = Release|Any CPU
		{FD7258B3-93C4-4CD2-9A9F-C6CBE65EC933}.Release|Any CPU.Build.0 = Release|Any CPU
		{AB626BB9-706E-4ABC-B173-D7BC15AADF22}.Debug|Any CPU.ActiveCfg = Debug|Any CPU
		{AB626BB9-706E-4ABC-B173-D7BC15AADF22}.Debug|Any CPU.Build.0 = Debug|Any CPU
		{AB626BB9-706E-4ABC-B173-D7BC15AADF22}.Release|Any CPU.ActiveCfg = Release|Any CPU
		{AB626BB9-706E-4ABC-B173-D7BC15AADF22}.Release|Any CPU.Build.0 = Release|Any CPU
		{67A955F8-00D4-4ABF-B761-8CF8648EAF8F}.Debug|Any CPU.ActiveCfg = Debug|Any CPU
		{67A955F8-00D4-4ABF-B761-8CF8648EAF8F}.Debug|Any CPU.Build.0 = Debug|Any CPU
		{67A955F8-00D4-4ABF-B761-8CF8648EAF8F}.Release|Any CPU.ActiveCfg = Release|Any CPU
		{67A955F8-00D4-4ABF-B761-8CF8648EAF8F}.Release|Any CPU.Build.0 = Release|Any CPU
	EndGlobalSection
	GlobalSection(SolutionProperties) = preSolution
		HideSolutionNode = FALSE
	EndGlobalSection
EndGlobal
